// !$*UTF8*$!
{
	archiveVersion = 1;
	classes = {
	};
	objectVersion = 56;
	objects = {

/* Begin PBXBuildFile section */
		961769452B15F852004E9CD0 /* Styles+UI.swift in Sources */ = {isa = PBXBuildFile; fileRef = 961769442B15F852004E9CD0 /* Styles+UI.swift */; };
		961769472B15FB46004E9CD0 /* ToursListContainerVC.swift in Sources */ = {isa = PBXBuildFile; fileRef = 961769462B15FB46004E9CD0 /* ToursListContainerVC.swift */; };
		961769492B15FCB0004E9CD0 /* ToursContainerReactor.swift in Sources */ = {isa = PBXBuildFile; fileRef = 961769482B15FCB0004E9CD0 /* ToursContainerReactor.swift */; };
		9617694C2B15FD6A004E9CD0 /* ToursListReactor.swift in Sources */ = {isa = PBXBuildFile; fileRef = 9617694B2B15FD6A004E9CD0 /* ToursListReactor.swift */; };
		9617694F2B16109C004E9CD0 /* Network.swift in Sources */ = {isa = PBXBuildFile; fileRef = 9617694E2B16109C004E9CD0 /* Network.swift */; };
		961769512B16120D004E9CD0 /* ToursListService.swift in Sources */ = {isa = PBXBuildFile; fileRef = 961769502B16120D004E9CD0 /* ToursListService.swift */; };
		961769542B161284004E9CD0 /* Tour.swift in Sources */ = {isa = PBXBuildFile; fileRef = 961769532B161284004E9CD0 /* Tour.swift */; };
		961769562B162465004E9CD0 /* ToursListSectionModel.swift in Sources */ = {isa = PBXBuildFile; fileRef = 961769552B162465004E9CD0 /* ToursListSectionModel.swift */; };
		961769582B162487004E9CD0 /* TourCell.swift in Sources */ = {isa = PBXBuildFile; fileRef = 961769572B162487004E9CD0 /* TourCell.swift */; };
		9617695B2B16310E004E9CD0 /* TourDetailsViewController.swift in Sources */ = {isa = PBXBuildFile; fileRef = 9617695A2B16310E004E9CD0 /* TourDetailsViewController.swift */; };
		9617695D2B16316A004E9CD0 /* TourDetailsReactor.swift in Sources */ = {isa = PBXBuildFile; fileRef = 9617695C2B16316A004E9CD0 /* TourDetailsReactor.swift */; };
		961769622B163969004E9CD0 /* DetailsView.swift in Sources */ = {isa = PBXBuildFile; fileRef = 961769612B163969004E9CD0 /* DetailsView.swift */; };
		96DBE6F82B153EC000D24687 /* AppDelegate.swift in Sources */ = {isa = PBXBuildFile; fileRef = 96DBE6F72B153EC000D24687 /* AppDelegate.swift */; };
		96DBE6FA2B153EC000D24687 /* SceneDelegate.swift in Sources */ = {isa = PBXBuildFile; fileRef = 96DBE6F92B153EC000D24687 /* SceneDelegate.swift */; };
		96DBE6FC2B153EC000D24687 /* ToursListViewController.swift in Sources */ = {isa = PBXBuildFile; fileRef = 96DBE6FB2B153EC000D24687 /* ToursListViewController.swift */; };
		96DBE6FF2B153EC000D24687 /* Main.storyboard in Resources */ = {isa = PBXBuildFile; fileRef = 96DBE6FD2B153EC000D24687 /* Main.storyboard */; };
		96DBE7012B153EC500D24687 /* Assets.xcassets in Resources */ = {isa = PBXBuildFile; fileRef = 96DBE7002B153EC500D24687 /* Assets.xcassets */; };
		96DBE7042B153EC500D24687 /* LaunchScreen.storyboard in Resources */ = {isa = PBXBuildFile; fileRef = 96DBE7022B153EC500D24687 /* LaunchScreen.storyboard */; };
		AA5E303DF5F4C4FB0A9D19AF /* Pods_task_ios.framework in Frameworks */ = {isa = PBXBuildFile; fileRef = FB22D6A143B1D1BA4E380A16 /* Pods_task_ios.framework */; };
/* End PBXBuildFile section */

/* Begin PBXFileReference section */
		08A501E70C16D57F27ADEF21 /* Pods-task-ios.release.xcconfig */ = {isa = PBXFileReference; includeInIndex = 1; lastKnownFileType = text.xcconfig; name = "Pods-task-ios.release.xcconfig"; path = "Target Support Files/Pods-task-ios/Pods-task-ios.release.xcconfig"; sourceTree = "<group>"; };
		5647DC4000203AD949CACB5B /* Pods-task-ios.debug.xcconfig */ = {isa = PBXFileReference; includeInIndex = 1; lastKnownFileType = text.xcconfig; name = "Pods-task-ios.debug.xcconfig"; path = "Target Support Files/Pods-task-ios/Pods-task-ios.debug.xcconfig"; sourceTree = "<group>"; };
		961769442B15F852004E9CD0 /* Styles+UI.swift */ = {isa = PBXFileReference; lastKnownFileType = sourcecode.swift; path = "Styles+UI.swift"; sourceTree = "<group>"; };
		961769462B15FB46004E9CD0 /* ToursListContainerVC.swift */ = {isa = PBXFileReference; lastKnownFileType = sourcecode.swift; path = ToursListContainerVC.swift; sourceTree = "<group>"; };
		961769482B15FCB0004E9CD0 /* ToursContainerReactor.swift */ = {isa = PBXFileReference; lastKnownFileType = sourcecode.swift; path = ToursContainerReactor.swift; sourceTree = "<group>"; };
		9617694B2B15FD6A004E9CD0 /* ToursListReactor.swift */ = {isa = PBXFileReference; lastKnownFileType = sourcecode.swift; path = ToursListReactor.swift; sourceTree = "<group>"; };
		9617694E2B16109C004E9CD0 /* Network.swift */ = {isa = PBXFileReference; lastKnownFileType = sourcecode.swift; path = Network.swift; sourceTree = "<group>"; };
		961769502B16120D004E9CD0 /* ToursListService.swift */ = {isa = PBXFileReference; lastKnownFileType = sourcecode.swift; path = ToursListService.swift; sourceTree = "<group>"; };
		961769532B161284004E9CD0 /* Tour.swift */ = {isa = PBXFileReference; lastKnownFileType = sourcecode.swift; path = Tour.swift; sourceTree = "<group>"; };
		961769552B162465004E9CD0 /* ToursListSectionModel.swift */ = {isa = PBXFileReference; lastKnownFileType = sourcecode.swift; path = ToursListSectionModel.swift; sourceTree = "<group>"; };
		961769572B162487004E9CD0 /* TourCell.swift */ = {isa = PBXFileReference; lastKnownFileType = sourcecode.swift; path = TourCell.swift; sourceTree = "<group>"; };
		9617695A2B16310E004E9CD0 /* TourDetailsViewController.swift */ = {isa = PBXFileReference; lastKnownFileType = sourcecode.swift; path = TourDetailsViewController.swift; sourceTree = "<group>"; };
		9617695C2B16316A004E9CD0 /* TourDetailsReactor.swift */ = {isa = PBXFileReference; lastKnownFileType = sourcecode.swift; path = TourDetailsReactor.swift; sourceTree = "<group>"; };
		961769612B163969004E9CD0 /* DetailsView.swift */ = {isa = PBXFileReference; lastKnownFileType = sourcecode.swift; path = DetailsView.swift; sourceTree = "<group>"; };
		96DBE6F42B153EC000D24687 /* task-ios.app */ = {isa = PBXFileReference; explicitFileType = wrapper.application; includeInIndex = 0; path = "task-ios.app"; sourceTree = BUILT_PRODUCTS_DIR; };
		96DBE6F72B153EC000D24687 /* AppDelegate.swift */ = {isa = PBXFileReference; lastKnownFileType = sourcecode.swift; path = AppDelegate.swift; sourceTree = "<group>"; };
		96DBE6F92B153EC000D24687 /* SceneDelegate.swift */ = {isa = PBXFileReference; lastKnownFileType = sourcecode.swift; path = SceneDelegate.swift; sourceTree = "<group>"; };
		96DBE6FB2B153EC000D24687 /* ToursListViewController.swift */ = {isa = PBXFileReference; lastKnownFileType = sourcecode.swift; path = ToursListViewController.swift; sourceTree = "<group>"; };
		96DBE6FE2B153EC000D24687 /* Base */ = {isa = PBXFileReference; lastKnownFileType = file.storyboard; name = Base; path = Base.lproj/Main.storyboard; sourceTree = "<group>"; };
		96DBE7002B153EC500D24687 /* Assets.xcassets */ = {isa = PBXFileReference; lastKnownFileType = folder.assetcatalog; path = Assets.xcassets; sourceTree = "<group>"; };
		96DBE7032B153EC500D24687 /* Base */ = {isa = PBXFileReference; lastKnownFileType = file.storyboard; name = Base; path = Base.lproj/LaunchScreen.storyboard; sourceTree = "<group>"; };
		96DBE7052B153EC500D24687 /* Info.plist */ = {isa = PBXFileReference; lastKnownFileType = text.plist.xml; path = Info.plist; sourceTree = "<group>"; };
		FB22D6A143B1D1BA4E380A16 /* Pods_task_ios.framework */ = {isa = PBXFileReference; explicitFileType = wrapper.framework; includeInIndex = 0; path = Pods_task_ios.framework; sourceTree = BUILT_PRODUCTS_DIR; };
/* End PBXFileReference section */

/* Begin PBXFrameworksBuildPhase section */
		96DBE6F12B153EC000D24687 /* Frameworks */ = {
			isa = PBXFrameworksBuildPhase;
			buildActionMask = 2147483647;
			files = (
				AA5E303DF5F4C4FB0A9D19AF /* Pods_task_ios.framework in Frameworks */,
			);
			runOnlyForDeploymentPostprocessing = 0;
		};
/* End PBXFrameworksBuildPhase section */

/* Begin PBXGroup section */
		751FBD8213577D47627E74CA /* Frameworks */ = {
			isa = PBXGroup;
			children = (
				FB22D6A143B1D1BA4E380A16 /* Pods_task_ios.framework */,
			);
			name = Frameworks;
			sourceTree = "<group>";
		};
		961769402B15F75C004E9CD0 /* ToursList */ = {
			isa = PBXGroup;
			children = (
				961769462B15FB46004E9CD0 /* ToursListContainerVC.swift */,
				96DBE6FB2B153EC000D24687 /* ToursListViewController.swift */,
				9617694A2B15FCB9004E9CD0 /* ViewModels */,
				961769522B16125F004E9CD0 /* Models */,
				961769412B15F778004E9CD0 /* Views */,
			);
			path = ToursList;
			sourceTree = "<group>";
		};
		961769412B15F778004E9CD0 /* Views */ = {
			isa = PBXGroup;
			children = (
				961769572B162487004E9CD0 /* TourCell.swift */,
			);
			path = Views;
			sourceTree = "<group>";
		};
		961769422B15F7F5004E9CD0 /* SupportingFiles */ = {
			isa = PBXGroup;
			children = (
				96DBE6FD2B153EC000D24687 /* Main.storyboard */,
				96DBE7022B153EC500D24687 /* LaunchScreen.storyboard */,
				96DBE7002B153EC500D24687 /* Assets.xcassets */,
			);
			path = SupportingFiles;
			sourceTree = "<group>";
		};
		9617694A2B15FCB9004E9CD0 /* ViewModels */ = {
			isa = PBXGroup;
			children = (
				961769482B15FCB0004E9CD0 /* ToursContainerReactor.swift */,
				9617694B2B15FD6A004E9CD0 /* ToursListReactor.swift */,
			);
			path = ViewModels;
			sourceTree = "<group>";
		};
		9617694D2B15FE00004E9CD0 /* ToursAppAPI */ = {
			isa = PBXGroup;
			children = (
				9617694E2B16109C004E9CD0 /* Network.swift */,
				961769502B16120D004E9CD0 /* ToursListService.swift */,
			);
			path = ToursAppAPI;
			sourceTree = "<group>";
		};
		961769522B16125F004E9CD0 /* Models */ = {
			isa = PBXGroup;
			children = (
				961769532B161284004E9CD0 /* Tour.swift */,
				961769552B162465004E9CD0 /* ToursListSectionModel.swift */,
			);
			path = Models;
			sourceTree = "<group>";
		};
		961769592B1630D2004E9CD0 /* TourDetails */ = {
			isa = PBXGroup;
			children = (
				9617695A2B16310E004E9CD0 /* TourDetailsViewController.swift */,
				9617695F2B1631B9004E9CD0 /* ViewModels */,
				961769602B1631C7004E9CD0 /* Models */,
				9617695E2B1631A8004E9CD0 /* Views */,
			);
			path = TourDetails;
			sourceTree = "<group>";
		};
		9617695E2B1631A8004E9CD0 /* Views */ = {
			isa = PBXGroup;
			children = (
				961769612B163969004E9CD0 /* DetailsView.swift */,
			);
			path = Views;
			sourceTree = "<group>";
		};
		9617695F2B1631B9004E9CD0 /* ViewModels */ = {
			isa = PBXGroup;
			children = (
				9617695C2B16316A004E9CD0 /* TourDetailsReactor.swift */,
			);
			path = ViewModels;
			sourceTree = "<group>";
		};
		961769602B1631C7004E9CD0 /* Models */ = {
			isa = PBXGroup;
			children = (
			);
			path = Models;
			sourceTree = "<group>";
		};
		96DBE6EB2B153EC000D24687 = {
			isa = PBXGroup;
			children = (
				96DBE6F62B153EC000D24687 /* task-ios */,
				961769422B15F7F5004E9CD0 /* SupportingFiles */,
				96DBE6F52B153EC000D24687 /* Products */,
				BF064EBF33F861CE2B5E4E34 /* Pods */,
				751FBD8213577D47627E74CA /* Frameworks */,
			);
			sourceTree = "<group>";
		};
		96DBE6F52B153EC000D24687 /* Products */ = {
			isa = PBXGroup;
			children = (
				96DBE6F42B153EC000D24687 /* task-ios.app */,
			);
			name = Products;
			sourceTree = "<group>";
		};
		96DBE6F62B153EC000D24687 /* task-ios */ = {
			isa = PBXGroup;
			children = (
				96DBE7052B153EC500D24687 /* Info.plist */,
				96DBE6F72B153EC000D24687 /* AppDelegate.swift */,
				96DBE6F92B153EC000D24687 /* SceneDelegate.swift */,
				9617694D2B15FE00004E9CD0 /* ToursAppAPI */,
				961769402B15F75C004E9CD0 /* ToursList */,
				961769442B15F852004E9CD0 /* Styles+UI.swift */,
				961769592B1630D2004E9CD0 /* TourDetails */,
			);
			path = "task-ios";
			sourceTree = "<group>";
		};
		BF064EBF33F861CE2B5E4E34 /* Pods */ = {
			isa = PBXGroup;
			children = (
				5647DC4000203AD949CACB5B /* Pods-task-ios.debug.xcconfig */,
				08A501E70C16D57F27ADEF21 /* Pods-task-ios.release.xcconfig */,
			);
			path = Pods;
			sourceTree = "<group>";
		};
/* End PBXGroup section */

/* Begin PBXNativeTarget section */
		96DBE6F32B153EC000D24687 /* task-ios */ = {
			isa = PBXNativeTarget;
			buildConfigurationList = 96DBE7082B153EC500D24687 /* Build configuration list for PBXNativeTarget "task-ios" */;
			buildPhases = (
				DA4B7DC9E72C44938FE36329 /* [CP] Check Pods Manifest.lock */,
				96DBE6F02B153EC000D24687 /* Sources */,
				96DBE6F12B153EC000D24687 /* Frameworks */,
				96DBE6F22B153EC000D24687 /* Resources */,
				2ACE051C0275A0D2F2DC1B5A /* [CP] Embed Pods Frameworks */,
			);
			buildRules = (
			);
			dependencies = (
			);
			name = "task-ios";
			productName = "task-ios";
			productReference = 96DBE6F42B153EC000D24687 /* task-ios.app */;
			productType = "com.apple.product-type.application";
		};
/* End PBXNativeTarget section */

/* Begin PBXProject section */
		96DBE6EC2B153EC000D24687 /* Project object */ = {
			isa = PBXProject;
			attributes = {
				BuildIndependentTargetsInParallel = 1;
				LastSwiftUpdateCheck = 1500;
				LastUpgradeCheck = 1500;
				TargetAttributes = {
					96DBE6F32B153EC000D24687 = {
						CreatedOnToolsVersion = 15.0.1;
					};
				};
			};
			buildConfigurationList = 96DBE6EF2B153EC000D24687 /* Build configuration list for PBXProject "task-ios" */;
			compatibilityVersion = "Xcode 14.0";
			developmentRegion = en;
			hasScannedForEncodings = 0;
			knownRegions = (
				en,
				Base,
			);
			mainGroup = 96DBE6EB2B153EC000D24687;
			productRefGroup = 96DBE6F52B153EC000D24687 /* Products */;
			projectDirPath = "";
			projectRoot = "";
			targets = (
				96DBE6F32B153EC000D24687 /* task-ios */,
			);
		};
/* End PBXProject section */

/* Begin PBXResourcesBuildPhase section */
		96DBE6F22B153EC000D24687 /* Resources */ = {
			isa = PBXResourcesBuildPhase;
			buildActionMask = 2147483647;
			files = (
				96DBE7042B153EC500D24687 /* LaunchScreen.storyboard in Resources */,
				96DBE7012B153EC500D24687 /* Assets.xcassets in Resources */,
				96DBE6FF2B153EC000D24687 /* Main.storyboard in Resources */,
			);
			runOnlyForDeploymentPostprocessing = 0;
		};
/* End PBXResourcesBuildPhase section */

/* Begin PBXShellScriptBuildPhase section */
		2ACE051C0275A0D2F2DC1B5A /* [CP] Embed Pods Frameworks */ = {
			isa = PBXShellScriptBuildPhase;
			buildActionMask = 2147483647;
			files = (
			);
			inputFileListPaths = (
				"${PODS_ROOT}/Target Support Files/Pods-task-ios/Pods-task-ios-frameworks-${CONFIGURATION}-input-files.xcfilelist",
			);
			name = "[CP] Embed Pods Frameworks";
			outputFileListPaths = (
				"${PODS_ROOT}/Target Support Files/Pods-task-ios/Pods-task-ios-frameworks-${CONFIGURATION}-output-files.xcfilelist",
			);
			runOnlyForDeploymentPostprocessing = 0;
			shellPath = /bin/sh;
			shellScript = "\"${PODS_ROOT}/Target Support Files/Pods-task-ios/Pods-task-ios-frameworks.sh\"\n";
			showEnvVarsInLog = 0;
		};
		DA4B7DC9E72C44938FE36329 /* [CP] Check Pods Manifest.lock */ = {
			isa = PBXShellScriptBuildPhase;
			buildActionMask = 2147483647;
			files = (
			);
			inputFileListPaths = (
			);
			inputPaths = (
				"${PODS_PODFILE_DIR_PATH}/Podfile.lock",
				"${PODS_ROOT}/Manifest.lock",
			);
			name = "[CP] Check Pods Manifest.lock";
			outputFileListPaths = (
			);
			outputPaths = (
				"$(DERIVED_FILE_DIR)/Pods-task-ios-checkManifestLockResult.txt",
			);
			runOnlyForDeploymentPostprocessing = 0;
			shellPath = /bin/sh;
			shellScript = "diff \"${PODS_PODFILE_DIR_PATH}/Podfile.lock\" \"${PODS_ROOT}/Manifest.lock\" > /dev/null\nif [ $? != 0 ] ; then\n    # print error to STDERR\n    echo \"error: The sandbox is not in sync with the Podfile.lock. Run 'pod install' or update your CocoaPods installation.\" >&2\n    exit 1\nfi\n# This output is used by Xcode 'outputs' to avoid re-running this script phase.\necho \"SUCCESS\" > \"${SCRIPT_OUTPUT_FILE_0}\"\n";
			showEnvVarsInLog = 0;
		};
/* End PBXShellScriptBuildPhase section */

/* Begin PBXSourcesBuildPhase section */
		96DBE6F02B153EC000D24687 /* Sources */ = {
			isa = PBXSourcesBuildPhase;
			buildActionMask = 2147483647;
			files = (
				96DBE6FC2B153EC000D24687 /* ToursListViewController.swift in Sources */,
				961769512B16120D004E9CD0 /* ToursListService.swift in Sources */,
				9617694C2B15FD6A004E9CD0 /* ToursListReactor.swift in Sources */,
				961769542B161284004E9CD0 /* Tour.swift in Sources */,
				9617694F2B16109C004E9CD0 /* Network.swift in Sources */,
				96DBE6F82B153EC000D24687 /* AppDelegate.swift in Sources */,
				961769472B15FB46004E9CD0 /* ToursListContainerVC.swift in Sources */,
				96DBE6FA2B153EC000D24687 /* SceneDelegate.swift in Sources */,
				961769562B162465004E9CD0 /* ToursListSectionModel.swift in Sources */,
				9617695D2B16316A004E9CD0 /* TourDetailsReactor.swift in Sources */,
				9617695B2B16310E004E9CD0 /* TourDetailsViewController.swift in Sources */,
				961769622B163969004E9CD0 /* DetailsView.swift in Sources */,
				961769492B15FCB0004E9CD0 /* ToursContainerReactor.swift in Sources */,
				961769452B15F852004E9CD0 /* Styles+UI.swift in Sources */,
				961769582B162487004E9CD0 /* TourCell.swift in Sources */,
			);
			runOnlyForDeploymentPostprocessing = 0;
		};
/* End PBXSourcesBuildPhase section */

/* Begin PBXVariantGroup section */
		96DBE6FD2B153EC000D24687 /* Main.storyboard */ = {
			isa = PBXVariantGroup;
			children = (
				96DBE6FE2B153EC000D24687 /* Base */,
			);
			name = Main.storyboard;
			sourceTree = "<group>";
		};
		96DBE7022B153EC500D24687 /* LaunchScreen.storyboard */ = {
			isa = PBXVariantGroup;
			children = (
				96DBE7032B153EC500D24687 /* Base */,
			);
			name = LaunchScreen.storyboard;
			sourceTree = "<group>";
		};
/* End PBXVariantGroup section */

/* Begin XCBuildConfiguration section */
		96DBE7062B153EC500D24687 /* Debug */ = {
			isa = XCBuildConfiguration;
			buildSettings = {
				ALWAYS_SEARCH_USER_PATHS = NO;
				ASSETCATALOG_COMPILER_GENERATE_SWIFT_ASSET_SYMBOL_EXTENSIONS = YES;
				CLANG_ANALYZER_NONNULL = YES;
				CLANG_ANALYZER_NUMBER_OBJECT_CONVERSION = YES_AGGRESSIVE;
				CLANG_CXX_LANGUAGE_STANDARD = "gnu++20";
				CLANG_ENABLE_MODULES = YES;
				CLANG_ENABLE_OBJC_ARC = YES;
				CLANG_ENABLE_OBJC_WEAK = YES;
				CLANG_WARN_BLOCK_CAPTURE_AUTORELEASING = YES;
				CLANG_WARN_BOOL_CONVERSION = YES;
				CLANG_WARN_COMMA = YES;
				CLANG_WARN_CONSTANT_CONVERSION = YES;
				CLANG_WARN_DEPRECATED_OBJC_IMPLEMENTATIONS = YES;
				CLANG_WARN_DIRECT_OBJC_ISA_USAGE = YES_ERROR;
				CLANG_WARN_DOCUMENTATION_COMMENTS = YES;
				CLANG_WARN_EMPTY_BODY = YES;
				CLANG_WARN_ENUM_CONVERSION = YES;
				CLANG_WARN_INFINITE_RECURSION = YES;
				CLANG_WARN_INT_CONVERSION = YES;
				CLANG_WARN_NON_LITERAL_NULL_CONVERSION = YES;
				CLANG_WARN_OBJC_IMPLICIT_RETAIN_SELF = YES;
				CLANG_WARN_OBJC_LITERAL_CONVERSION = YES;
				CLANG_WARN_OBJC_ROOT_CLASS = YES_ERROR;
				CLANG_WARN_QUOTED_INCLUDE_IN_FRAMEWORK_HEADER = YES;
				CLANG_WARN_RANGE_LOOP_ANALYSIS = YES;
				CLANG_WARN_STRICT_PROTOTYPES = YES;
				CLANG_WARN_SUSPICIOUS_MOVE = YES;
				CLANG_WARN_UNGUARDED_AVAILABILITY = YES_AGGRESSIVE;
				CLANG_WARN_UNREACHABLE_CODE = YES;
				CLANG_WARN__DUPLICATE_METHOD_MATCH = YES;
				COPY_PHASE_STRIP = NO;
				DEBUG_INFORMATION_FORMAT = dwarf;
				ENABLE_STRICT_OBJC_MSGSEND = YES;
				ENABLE_TESTABILITY = YES;
				ENABLE_USER_SCRIPT_SANDBOXING = NO;
				GCC_C_LANGUAGE_STANDARD = gnu17;
				GCC_DYNAMIC_NO_PIC = NO;
				GCC_NO_COMMON_BLOCKS = YES;
				GCC_OPTIMIZATION_LEVEL = 0;
				GCC_PREPROCESSOR_DEFINITIONS = (
					"DEBUG=1",
					"$(inherited)",
				);
				GCC_WARN_64_TO_32_BIT_CONVERSION = YES;
				GCC_WARN_ABOUT_RETURN_TYPE = YES_ERROR;
				GCC_WARN_UNDECLARED_SELECTOR = YES;
				GCC_WARN_UNINITIALIZED_AUTOS = YES_AGGRESSIVE;
				GCC_WARN_UNUSED_FUNCTION = YES;
				GCC_WARN_UNUSED_VARIABLE = YES;
				IPHONEOS_DEPLOYMENT_TARGET = 15.0;
				LOCALIZATION_PREFERS_STRING_CATALOGS = YES;
				MTL_ENABLE_DEBUG_INFO = INCLUDE_SOURCE;
				MTL_FAST_MATH = YES;
				ONLY_ACTIVE_ARCH = YES;
				SDKROOT = iphoneos;
				SWIFT_ACTIVE_COMPILATION_CONDITIONS = "DEBUG $(inherited)";
				SWIFT_OPTIMIZATION_LEVEL = "-Onone";
			};
			name = Debug;
		};
		96DBE7072B153EC500D24687 /* Release */ = {
			isa = XCBuildConfiguration;
			buildSettings = {
				ALWAYS_SEARCH_USER_PATHS = NO;
				ASSETCATALOG_COMPILER_GENERATE_SWIFT_ASSET_SYMBOL_EXTENSIONS = YES;
				CLANG_ANALYZER_NONNULL = YES;
				CLANG_ANALYZER_NUMBER_OBJECT_CONVERSION = YES_AGGRESSIVE;
				CLANG_CXX_LANGUAGE_STANDARD = "gnu++20";
				CLANG_ENABLE_MODULES = YES;
				CLANG_ENABLE_OBJC_ARC = YES;
				CLANG_ENABLE_OBJC_WEAK = YES;
				CLANG_WARN_BLOCK_CAPTURE_AUTORELEASING = YES;
				CLANG_WARN_BOOL_CONVERSION = YES;
				CLANG_WARN_COMMA = YES;
				CLANG_WARN_CONSTANT_CONVERSION = YES;
				CLANG_WARN_DEPRECATED_OBJC_IMPLEMENTATIONS = YES;
				CLANG_WARN_DIRECT_OBJC_ISA_USAGE = YES_ERROR;
				CLANG_WARN_DOCUMENTATION_COMMENTS = YES;
				CLANG_WARN_EMPTY_BODY = YES;
				CLANG_WARN_ENUM_CONVERSION = YES;
				CLANG_WARN_INFINITE_RECURSION = YES;
				CLANG_WARN_INT_CONVERSION = YES;
				CLANG_WARN_NON_LITERAL_NULL_CONVERSION = YES;
				CLANG_WARN_OBJC_IMPLICIT_RETAIN_SELF = YES;
				CLANG_WARN_OBJC_LITERAL_CONVERSION = YES;
				CLANG_WARN_OBJC_ROOT_CLASS = YES_ERROR;
				CLANG_WARN_QUOTED_INCLUDE_IN_FRAMEWORK_HEADER = YES;
				CLANG_WARN_RANGE_LOOP_ANALYSIS = YES;
				CLANG_WARN_STRICT_PROTOTYPES = YES;
				CLANG_WARN_SUSPICIOUS_MOVE = YES;
				CLANG_WARN_UNGUARDED_AVAILABILITY = YES_AGGRESSIVE;
				CLANG_WARN_UNREACHABLE_CODE = YES;
				CLANG_WARN__DUPLICATE_METHOD_MATCH = YES;
				COPY_PHASE_STRIP = NO;
				DEBUG_INFORMATION_FORMAT = "dwarf-with-dsym";
				ENABLE_NS_ASSERTIONS = NO;
				ENABLE_STRICT_OBJC_MSGSEND = YES;
				ENABLE_USER_SCRIPT_SANDBOXING = NO;
				GCC_C_LANGUAGE_STANDARD = gnu17;
				GCC_NO_COMMON_BLOCKS = YES;
				GCC_WARN_64_TO_32_BIT_CONVERSION = YES;
				GCC_WARN_ABOUT_RETURN_TYPE = YES_ERROR;
				GCC_WARN_UNDECLARED_SELECTOR = YES;
				GCC_WARN_UNINITIALIZED_AUTOS = YES_AGGRESSIVE;
				GCC_WARN_UNUSED_FUNCTION = YES;
				GCC_WARN_UNUSED_VARIABLE = YES;
				IPHONEOS_DEPLOYMENT_TARGET = 15.0;
				LOCALIZATION_PREFERS_STRING_CATALOGS = YES;
				MTL_ENABLE_DEBUG_INFO = NO;
				MTL_FAST_MATH = YES;
				SDKROOT = iphoneos;
				SWIFT_COMPILATION_MODE = wholemodule;
				VALIDATE_PRODUCT = YES;
			};
			name = Release;
		};
		96DBE7092B153EC500D24687 /* Debug */ = {
			isa = XCBuildConfiguration;
			baseConfigurationReference = 5647DC4000203AD949CACB5B /* Pods-task-ios.debug.xcconfig */;
			buildSettings = {
				ASSETCATALOG_COMPILER_APPICON_NAME = AppIcon;
				ASSETCATALOG_COMPILER_GLOBAL_ACCENT_COLOR_NAME = AccentColor;
				CODE_SIGN_IDENTITY = "Apple Development";
				CODE_SIGN_STYLE = Automatic;
				CURRENT_PROJECT_VERSION = 1;
				DEVELOPMENT_TEAM = 9YC8BX7V5D;
				GENERATE_INFOPLIST_FILE = YES;
				INFOPLIST_FILE = "task-ios/Info.plist";
				INFOPLIST_KEY_UIApplicationSupportsIndirectInputEvents = YES;
				INFOPLIST_KEY_UILaunchStoryboardName = LaunchScreen;
				INFOPLIST_KEY_UIMainStoryboardFile = Main;
				INFOPLIST_KEY_UISupportedInterfaceOrientations = "UIInterfaceOrientationLandscapeLeft UIInterfaceOrientationLandscapeRight UIInterfaceOrientationPortrait";
				IPHONEOS_DEPLOYMENT_TARGET = 15.0;
				LD_RUNPATH_SEARCH_PATHS = (
					"$(inherited)",
					"@executable_path/Frameworks",
				);
				MARKETING_VERSION = 1.0;
				PRODUCT_BUNDLE_IDENTIFIER = "com.tech-task.ios";
				PRODUCT_NAME = "$(TARGET_NAME)";
				PROVISIONING_PROFILE_SPECIFIER = "";
				SUPPORTED_PLATFORMS = "iphoneos iphonesimulator";
				SUPPORTS_MACCATALYST = NO;
				SWIFT_EMIT_LOC_STRINGS = YES;
				SWIFT_VERSION = 5.0;
				TARGETED_DEVICE_FAMILY = 1;
			};
			name = Debug;
		};
		96DBE70A2B153EC500D24687 /* Release */ = {
			isa = XCBuildConfiguration;
			baseConfigurationReference = 08A501E70C16D57F27ADEF21 /* Pods-task-ios.release.xcconfig */;
			buildSettings = {
				ASSETCATALOG_COMPILER_APPICON_NAME = AppIcon;
				ASSETCATALOG_COMPILER_GLOBAL_ACCENT_COLOR_NAME = AccentColor;
				CODE_SIGN_IDENTITY = "Apple Development";
				CODE_SIGN_STYLE = Automatic;
				CURRENT_PROJECT_VERSION = 1;
				DEVELOPMENT_TEAM = 9YC8BX7V5D;
				GENERATE_INFOPLIST_FILE = YES;
				INFOPLIST_FILE = "task-ios/Info.plist";
				INFOPLIST_KEY_UIApplicationSupportsIndirectInputEvents = YES;
				INFOPLIST_KEY_UILaunchStoryboardName = LaunchScreen;
				INFOPLIST_KEY_UIMainStoryboardFile = Main;
				INFOPLIST_KEY_UISupportedInterfaceOrientations = "UIInterfaceOrientationLandscapeLeft UIInterfaceOrientationLandscapeRight UIInterfaceOrientationPortrait";
				IPHONEOS_DEPLOYMENT_TARGET = 15.0;
				LD_RUNPATH_SEARCH_PATHS = (
					"$(inherited)",
					"@executable_path/Frameworks",
				);
				MARKETING_VERSION = 1.0;
				PRODUCT_BUNDLE_IDENTIFIER = "com.tech-task.ios";
				PRODUCT_NAME = "$(TARGET_NAME)";
				PROVISIONING_PROFILE_SPECIFIER = "";
				SUPPORTED_PLATFORMS = "iphoneos iphonesimulator";
				SUPPORTS_MACCATALYST = NO;
				SWIFT_EMIT_LOC_STRINGS = YES;
				SWIFT_VERSION = 5.0;
				TARGETED_DEVICE_FAMILY = 1;
			};
			name = Release;
		};
/* End XCBuildConfiguration section */

/* Begin XCConfigurationList section */
		96DBE6EF2B153EC000D24687 /* Build configuration list for PBXProject "task-ios" */ = {
			isa = XCConfigurationList;
			buildConfigurations = (
				96DBE7062B153EC500D24687 /* Debug */,
				96DBE7072B153EC500D24687 /* Release */,
			);
			defaultConfigurationIsVisible = 0;
			defaultConfigurationName = Release;
		};
		96DBE7082B153EC500D24687 /* Build configuration list for PBXNativeTarget "task-ios" */ = {
			isa = XCConfigurationList;
			buildConfigurations = (
				96DBE7092B153EC500D24687 /* Debug */,
				96DBE70A2B153EC500D24687 /* Release */,
			);
			defaultConfigurationIsVisible = 0;
			defaultConfigurationName = Release;
		};
/* End XCConfigurationList section */
	};
	rootObject = 96DBE6EC2B153EC000D24687 /* Project object */;
}
